// !$*UTF8*$!
{
	archiveVersion = 1;
	classes = {
	};
	objectVersion = 56;
	objects = {

/* Begin PBXBuildFile section */
		4D2DC8482D54CDC700D6C328 /* RegistrationView.swift in Sources */ = {isa = PBXBuildFile; fileRef = 4D2DC8472D54CDC000D6C328 /* RegistrationView.swift */; };
		4D440C1E2D1EC144008740AA /* .gitignore in Resources */ = {isa = PBXBuildFile; fileRef = 4D440C1D2D1EC144008740AA /* .gitignore */; };
		4D440C202D22B542008740AA /* AuthorizationTokens.swift in Sources */ = {isa = PBXBuildFile; fileRef = 4D440C1F2D22B531008740AA /* AuthorizationTokens.swift */; };
		4D440C222D22B631008740AA /* TokenManagement.swift in Sources */ = {isa = PBXBuildFile; fileRef = 4D440C212D22B622008740AA /* TokenManagement.swift */; };
		4D440C252D22BB62008740AA /* JWTDecode in Frameworks */ = {isa = PBXBuildFile; productRef = 4D440C242D22BB62008740AA /* JWTDecode */; };
		4D440C272D22F703008740AA /* ApiInterceptor.swift in Sources */ = {isa = PBXBuildFile; fileRef = 4D440C262D22F6FC008740AA /* ApiInterceptor.swift */; };
		4D8CE14F2D136D2E007BBA90 /* Authorization.swift in Sources */ = {isa = PBXBuildFile; fileRef = 4D8CE14E2D136D21007BBA90 /* Authorization.swift */; };
		4DD4FB9E2D4D3B24004FD706 /* Router.swift in Sources */ = {isa = PBXBuildFile; fileRef = 4DD4FB9D2D4D3B23004FD706 /* Router.swift */; };
		4DD4FBA02D4D47CC004FD706 /* NetworkErrors.swift in Sources */ = {isa = PBXBuildFile; fileRef = 4DD4FB9F2D4D47C7004FD706 /* NetworkErrors.swift */; };
		4DE11E432D5A0838000D4825 /* SettingsView.swift in Sources */ = {isa = PBXBuildFile; fileRef = 4DE11E422D5A0832000D4825 /* SettingsView.swift */; };
		D53BFD522C866286005CC731 /* OpenWorldApp.swift in Sources */ = {isa = PBXBuildFile; fileRef = D53BFD512C866286005CC731 /* OpenWorldApp.swift */; };
		D5BD4F852CFA296400849906 /* UserLocationResource.swift in Sources */ = {isa = PBXBuildFile; fileRef = D5BD4F842CFA296400849906 /* UserLocationResource.swift */; };
		D5BD4F872CFA2C3200849906 /* Constants.swift in Sources */ = {isa = PBXBuildFile; fileRef = D5BD4F862CFA2C3200849906 /* Constants.swift */; };
		D5BD4F952D00CE5400849906 /* MapView.swift in Sources */ = {isa = PBXBuildFile; fileRef = D5BD4F942D00CE5400849906 /* MapView.swift */; };
		D5BD4F972D00D12300849906 /* LoginView.swift in Sources */ = {isa = PBXBuildFile; fileRef = D5BD4F962D00D12300849906 /* LoginView.swift */; };
		D5BD4F992D00D43000849906 /* AuthorizationResource.swift in Sources */ = {isa = PBXBuildFile; fileRef = D5BD4F982D00D43000849906 /* AuthorizationResource.swift */; };
		D5BD4F9B2D00D47800849906 /* User.swift in Sources */ = {isa = PBXBuildFile; fileRef = D5BD4F9A2D00D47800849906 /* User.swift */; };
		D5BD4F9D2D00DA2800849906 /* UserLocation.swift in Sources */ = {isa = PBXBuildFile; fileRef = D5BD4F9C2D00DA2800849906 /* UserLocation.swift */; };
/* End PBXBuildFile section */

/* Begin PBXFileReference section */
		4D1271E22D19FF2100690BC6 /* Info.plist */ = {isa = PBXFileReference; lastKnownFileType = text.plist.xml; path = Info.plist; sourceTree = "<group>"; };
		4D2DC8472D54CDC000D6C328 /* RegistrationView.swift */ = {isa = PBXFileReference; lastKnownFileType = sourcecode.swift; path = RegistrationView.swift; sourceTree = "<group>"; };
		4D440C1D2D1EC144008740AA /* .gitignore */ = {isa = PBXFileReference; lastKnownFileType = text; path = .gitignore; sourceTree = SOURCE_ROOT; };
		4D440C1F2D22B531008740AA /* AuthorizationTokens.swift */ = {isa = PBXFileReference; lastKnownFileType = sourcecode.swift; path = AuthorizationTokens.swift; sourceTree = "<group>"; };
		4D440C212D22B622008740AA /* TokenManagement.swift */ = {isa = PBXFileReference; lastKnownFileType = sourcecode.swift; path = TokenManagement.swift; sourceTree = "<group>"; };
		4D440C262D22F6FC008740AA /* ApiInterceptor.swift */ = {isa = PBXFileReference; lastKnownFileType = sourcecode.swift; path = ApiInterceptor.swift; sourceTree = "<group>"; };
		4D8CE14E2D136D21007BBA90 /* Authorization.swift */ = {isa = PBXFileReference; lastKnownFileType = sourcecode.swift; path = Authorization.swift; sourceTree = "<group>"; };
		4DD4FB9D2D4D3B23004FD706 /* Router.swift */ = {isa = PBXFileReference; lastKnownFileType = sourcecode.swift; path = Router.swift; sourceTree = "<group>"; };
		4DD4FB9F2D4D47C7004FD706 /* NetworkErrors.swift */ = {isa = PBXFileReference; lastKnownFileType = sourcecode.swift; path = NetworkErrors.swift; sourceTree = "<group>"; };
		4DE11E422D5A0832000D4825 /* SettingsView.swift */ = {isa = PBXFileReference; lastKnownFileType = sourcecode.swift; path = SettingsView.swift; sourceTree = "<group>"; };
		D53BFD4E2C866286005CC731 /* OpenWorld.app */ = {isa = PBXFileReference; explicitFileType = wrapper.application; includeInIndex = 0; path = OpenWorld.app; sourceTree = BUILT_PRODUCTS_DIR; };
		D53BFD512C866286005CC731 /* OpenWorldApp.swift */ = {isa = PBXFileReference; lastKnownFileType = sourcecode.swift; path = OpenWorldApp.swift; sourceTree = "<group>"; };
		D5BD4F842CFA296400849906 /* UserLocationResource.swift */ = {isa = PBXFileReference; lastKnownFileType = sourcecode.swift; path = UserLocationResource.swift; sourceTree = "<group>"; };
		D5BD4F862CFA2C3200849906 /* Constants.swift */ = {isa = PBXFileReference; lastKnownFileType = sourcecode.swift; path = Constants.swift; sourceTree = "<group>"; };
		D5BD4F942D00CE5400849906 /* MapView.swift */ = {isa = PBXFileReference; lastKnownFileType = sourcecode.swift; path = MapView.swift; sourceTree = "<group>"; };
		D5BD4F962D00D12300849906 /* LoginView.swift */ = {isa = PBXFileReference; lastKnownFileType = sourcecode.swift; path = LoginView.swift; sourceTree = "<group>"; };
		D5BD4F982D00D43000849906 /* AuthorizationResource.swift */ = {isa = PBXFileReference; lastKnownFileType = sourcecode.swift; path = AuthorizationResource.swift; sourceTree = "<group>"; };
		D5BD4F9A2D00D47800849906 /* User.swift */ = {isa = PBXFileReference; lastKnownFileType = sourcecode.swift; path = User.swift; sourceTree = "<group>"; };
		D5BD4F9C2D00DA2800849906 /* UserLocation.swift */ = {isa = PBXFileReference; lastKnownFileType = sourcecode.swift; path = UserLocation.swift; sourceTree = "<group>"; };
/* End PBXFileReference section */

/* Begin PBXFrameworksBuildPhase section */
		D53BFD4B2C866286005CC731 /* Frameworks */ = {
			isa = PBXFrameworksBuildPhase;
			buildActionMask = 2147483647;
			files = (
				4D440C252D22BB62008740AA /* JWTDecode in Frameworks */,
			);
			runOnlyForDeploymentPostprocessing = 0;
		};
/* End PBXFrameworksBuildPhase section */

/* Begin PBXGroup section */
		4D5297242D1223980074F2E2 /* Preview Content */ = {
			isa = PBXGroup;
			children = (
			);
			path = "Preview Content";
			sourceTree = "<group>";
		};
		D53BFD452C866286005CC731 = {
			isa = PBXGroup;
			children = (
				D53BFD502C866286005CC731 /* OpenWorld */,
				D53BFD4F2C866286005CC731 /* Products */,
			);
			sourceTree = "<group>";
		};
		D53BFD4F2C866286005CC731 /* Products */ = {
			isa = PBXGroup;
			children = (
				D53BFD4E2C866286005CC731 /* OpenWorld.app */,
			);
			name = Products;
			sourceTree = "<group>";
		};
		D53BFD502C866286005CC731 /* OpenWorld */ = {
			isa = PBXGroup;
			children = (
				D5BD4F932D00CE4400849906 /* Views */,
				D5BD4F832CFA294000849906 /* Resources */,
				D5BD4F822CFA284500849906 /* Utils */,
				D53BFD622C866303005CC731 /* Models */,
				D53BFD512C866286005CC731 /* OpenWorldApp.swift */,
				4D5297242D1223980074F2E2 /* Preview Content */,
				4D1271E22D19FF2100690BC6 /* Info.plist */,
				4D440C1D2D1EC144008740AA /* .gitignore */,
			);
			path = OpenWorld;
			sourceTree = "<group>";
		};
		D53BFD622C866303005CC731 /* Models */ = {
			isa = PBXGroup;
			children = (
				4D440C1F2D22B531008740AA /* AuthorizationTokens.swift */,
				D5BD4F9A2D00D47800849906 /* User.swift */,
				D5BD4F9C2D00DA2800849906 /* UserLocation.swift */,
			);
			path = Models;
			sourceTree = "<group>";
		};
		D5BD4F822CFA284500849906 /* Utils */ = {
			isa = PBXGroup;
			children = (
				4DD4FB9F2D4D47C7004FD706 /* NetworkErrors.swift */,
				4DD4FB9D2D4D3B23004FD706 /* Router.swift */,
				4D440C262D22F6FC008740AA /* ApiInterceptor.swift */,
				4D440C212D22B622008740AA /* TokenManagement.swift */,
				4D8CE14E2D136D21007BBA90 /* Authorization.swift */,
				D5BD4F862CFA2C3200849906 /* Constants.swift */,
			);
			path = Utils;
			sourceTree = "<group>";
		};
		D5BD4F832CFA294000849906 /* Resources */ = {
			isa = PBXGroup;
			children = (
				D5BD4F842CFA296400849906 /* UserLocationResource.swift */,
				D5BD4F982D00D43000849906 /* AuthorizationResource.swift */,
			);
			path = Resources;
			sourceTree = "<group>";
		};
		D5BD4F932D00CE4400849906 /* Views */ = {
			isa = PBXGroup;
			children = (
				4DE11E422D5A0832000D4825 /* SettingsView.swift */,
				4D2DC8472D54CDC000D6C328 /* RegistrationView.swift */,
				D5BD4F942D00CE5400849906 /* MapView.swift */,
				D5BD4F962D00D12300849906 /* LoginView.swift */,
			);
			path = Views;
			sourceTree = "<group>";
		};
/* End PBXGroup section */

/* Begin PBXNativeTarget section */
		D53BFD4D2C866286005CC731 /* OpenWorld */ = {
			isa = PBXNativeTarget;
			buildConfigurationList = D53BFD5C2C866287005CC731 /* Build configuration list for PBXNativeTarget "OpenWorld" */;
			buildPhases = (
				D53BFD4A2C866286005CC731 /* Sources */,
				D53BFD4B2C866286005CC731 /* Frameworks */,
				D53BFD4C2C866286005CC731 /* Resources */,
			);
			buildRules = (
			);
			dependencies = (
			);
			name = OpenWorld;
			productName = OpenWorld;
			productReference = D53BFD4E2C866286005CC731 /* OpenWorld.app */;
			productType = "com.apple.product-type.application";
		};
/* End PBXNativeTarget section */

/* Begin PBXProject section */
		D53BFD462C866286005CC731 /* Project object */ = {
			isa = PBXProject;
			attributes = {
				BuildIndependentTargetsInParallel = 1;
				LastSwiftUpdateCheck = 1540;
				LastUpgradeCheck = 1620;
				TargetAttributes = {
					D53BFD4D2C866286005CC731 = {
						CreatedOnToolsVersion = 15.4;
					};
				};
			};
			buildConfigurationList = D53BFD492C866286005CC731 /* Build configuration list for PBXProject "OpenWorld" */;
			compatibilityVersion = "Xcode 14.0";
			developmentRegion = en;
			hasScannedForEncodings = 0;
			knownRegions = (
				en,
				Base,
			);
			mainGroup = D53BFD452C866286005CC731;
			packageReferences = (
				4D440C232D22BB62008740AA /* XCRemoteSwiftPackageReference "JWTDecode" */,
			);
			productRefGroup = D53BFD4F2C866286005CC731 /* Products */;
			projectDirPath = "";
			projectRoot = "";
			targets = (
				D53BFD4D2C866286005CC731 /* OpenWorld */,
			);
		};
/* End PBXProject section */

/* Begin PBXResourcesBuildPhase section */
		D53BFD4C2C866286005CC731 /* Resources */ = {
			isa = PBXResourcesBuildPhase;
			buildActionMask = 2147483647;
			files = (
				4D440C1E2D1EC144008740AA /* .gitignore in Resources */,
			);
			runOnlyForDeploymentPostprocessing = 0;
		};
/* End PBXResourcesBuildPhase section */

/* Begin PBXSourcesBuildPhase section */
		D53BFD4A2C866286005CC731 /* Sources */ = {
			isa = PBXSourcesBuildPhase;
			buildActionMask = 2147483647;
			files = (
				D5BD4F972D00D12300849906 /* LoginView.swift in Sources */,
				4D440C202D22B542008740AA /* AuthorizationTokens.swift in Sources */,
				D53BFD522C866286005CC731 /* OpenWorldApp.swift in Sources */,
				D5BD4F852CFA296400849906 /* UserLocationResource.swift in Sources */,
				D5BD4F9B2D00D47800849906 /* User.swift in Sources */,
				4DE11E432D5A0838000D4825 /* SettingsView.swift in Sources */,
				D5BD4F952D00CE5400849906 /* MapView.swift in Sources */,
				D5BD4F872CFA2C3200849906 /* Constants.swift in Sources */,
				4D8CE14F2D136D2E007BBA90 /* Authorization.swift in Sources */,
				D5BD4F9D2D00DA2800849906 /* UserLocation.swift in Sources */,
				4DD4FBA02D4D47CC004FD706 /* NetworkErrors.swift in Sources */,
				4D440C272D22F703008740AA /* ApiInterceptor.swift in Sources */,
				4DD4FB9E2D4D3B24004FD706 /* Router.swift in Sources */,
				4D2DC8482D54CDC700D6C328 /* RegistrationView.swift in Sources */,
				4D440C222D22B631008740AA /* TokenManagement.swift in Sources */,
				D5BD4F992D00D43000849906 /* AuthorizationResource.swift in Sources */,
			);
			runOnlyForDeploymentPostprocessing = 0;
		};
/* End PBXSourcesBuildPhase section */

/* Begin XCBuildConfiguration section */
		D53BFD5A2C866287005CC731 /* Debug */ = {
			isa = XCBuildConfiguration;
			buildSettings = {
				ALWAYS_SEARCH_USER_PATHS = NO;
				ASSETCATALOG_COMPILER_GENERATE_SWIFT_ASSET_SYMBOL_EXTENSIONS = YES;
				CLANG_ANALYZER_NONNULL = YES;
				CLANG_ANALYZER_NUMBER_OBJECT_CONVERSION = YES_AGGRESSIVE;
				CLANG_CXX_LANGUAGE_STANDARD = "gnu++20";
				CLANG_ENABLE_MODULES = YES;
				CLANG_ENABLE_OBJC_ARC = YES;
				CLANG_ENABLE_OBJC_WEAK = YES;
				CLANG_WARN_BLOCK_CAPTURE_AUTORELEASING = YES;
				CLANG_WARN_BOOL_CONVERSION = YES;
				CLANG_WARN_COMMA = YES;
				CLANG_WARN_CONSTANT_CONVERSION = YES;
				CLANG_WARN_DEPRECATED_OBJC_IMPLEMENTATIONS = YES;
				CLANG_WARN_DIRECT_OBJC_ISA_USAGE = YES_ERROR;
				CLANG_WARN_DOCUMENTATION_COMMENTS = YES;
				CLANG_WARN_EMPTY_BODY = YES;
				CLANG_WARN_ENUM_CONVERSION = YES;
				CLANG_WARN_INFINITE_RECURSION = YES;
				CLANG_WARN_INT_CONVERSION = YES;
				CLANG_WARN_NON_LITERAL_NULL_CONVERSION = YES;
				CLANG_WARN_OBJC_IMPLICIT_RETAIN_SELF = YES;
				CLANG_WARN_OBJC_LITERAL_CONVERSION = YES;
				CLANG_WARN_OBJC_ROOT_CLASS = YES_ERROR;
				CLANG_WARN_QUOTED_INCLUDE_IN_FRAMEWORK_HEADER = YES;
				CLANG_WARN_RANGE_LOOP_ANALYSIS = YES;
				CLANG_WARN_STRICT_PROTOTYPES = YES;
				CLANG_WARN_SUSPICIOUS_MOVE = YES;
				CLANG_WARN_UNGUARDED_AVAILABILITY = YES_AGGRESSIVE;
				CLANG_WARN_UNREACHABLE_CODE = YES;
				CLANG_WARN__DUPLICATE_METHOD_MATCH = YES;
				COPY_PHASE_STRIP = NO;
				DEBUG_INFORMATION_FORMAT = dwarf;
				ENABLE_STRICT_OBJC_MSGSEND = YES;
				ENABLE_TESTABILITY = YES;
				ENABLE_USER_SCRIPT_SANDBOXING = YES;
				GCC_C_LANGUAGE_STANDARD = gnu17;
				GCC_DYNAMIC_NO_PIC = NO;
				GCC_NO_COMMON_BLOCKS = YES;
				GCC_OPTIMIZATION_LEVEL = 0;
				GCC_PREPROCESSOR_DEFINITIONS = (
					"DEBUG=1",
					"$(inherited)",
				);
				GCC_WARN_64_TO_32_BIT_CONVERSION = YES;
				GCC_WARN_ABOUT_RETURN_TYPE = YES_ERROR;
				GCC_WARN_UNDECLARED_SELECTOR = YES;
				GCC_WARN_UNINITIALIZED_AUTOS = YES_AGGRESSIVE;
				GCC_WARN_UNUSED_FUNCTION = YES;
				GCC_WARN_UNUSED_VARIABLE = YES;
				IPHONEOS_DEPLOYMENT_TARGET = 17.5;
				LOCALIZATION_PREFERS_STRING_CATALOGS = YES;
				MTL_ENABLE_DEBUG_INFO = INCLUDE_SOURCE;
				MTL_FAST_MATH = YES;
				ONLY_ACTIVE_ARCH = YES;
				SDKROOT = iphoneos;
				SWIFT_ACTIVE_COMPILATION_CONDITIONS = "DEBUG $(inherited)";
				SWIFT_OPTIMIZATION_LEVEL = "-Onone";
			};
			name = Debug;
		};
		D53BFD5B2C866287005CC731 /* Release */ = {
			isa = XCBuildConfiguration;
			buildSettings = {
				ALWAYS_SEARCH_USER_PATHS = NO;
				ASSETCATALOG_COMPILER_GENERATE_SWIFT_ASSET_SYMBOL_EXTENSIONS = YES;
				CLANG_ANALYZER_NONNULL = YES;
				CLANG_ANALYZER_NUMBER_OBJECT_CONVERSION = YES_AGGRESSIVE;
				CLANG_CXX_LANGUAGE_STANDARD = "gnu++20";
				CLANG_ENABLE_MODULES = YES;
				CLANG_ENABLE_OBJC_ARC = YES;
				CLANG_ENABLE_OBJC_WEAK = YES;
				CLANG_WARN_BLOCK_CAPTURE_AUTORELEASING = YES;
				CLANG_WARN_BOOL_CONVERSION = YES;
				CLANG_WARN_COMMA = YES;
				CLANG_WARN_CONSTANT_CONVERSION = YES;
				CLANG_WARN_DEPRECATED_OBJC_IMPLEMENTATIONS = YES;
				CLANG_WARN_DIRECT_OBJC_ISA_USAGE = YES_ERROR;
				CLANG_WARN_DOCUMENTATION_COMMENTS = YES;
				CLANG_WARN_EMPTY_BODY = YES;
				CLANG_WARN_ENUM_CONVERSION = YES;
				CLANG_WARN_INFINITE_RECURSION = YES;
				CLANG_WARN_INT_CONVERSION = YES;
				CLANG_WARN_NON_LITERAL_NULL_CONVERSION = YES;
				CLANG_WARN_OBJC_IMPLICIT_RETAIN_SELF = YES;
				CLANG_WARN_OBJC_LITERAL_CONVERSION = YES;
				CLANG_WARN_OBJC_ROOT_CLASS = YES_ERROR;
				CLANG_WARN_QUOTED_INCLUDE_IN_FRAMEWORK_HEADER = YES;
				CLANG_WARN_RANGE_LOOP_ANALYSIS = YES;
				CLANG_WARN_STRICT_PROTOTYPES = YES;
				CLANG_WARN_SUSPICIOUS_MOVE = YES;
				CLANG_WARN_UNGUARDED_AVAILABILITY = YES_AGGRESSIVE;
				CLANG_WARN_UNREACHABLE_CODE = YES;
				CLANG_WARN__DUPLICATE_METHOD_MATCH = YES;
				COPY_PHASE_STRIP = NO;
				DEBUG_INFORMATION_FORMAT = "dwarf-with-dsym";
				ENABLE_NS_ASSERTIONS = NO;
				ENABLE_STRICT_OBJC_MSGSEND = YES;
				ENABLE_USER_SCRIPT_SANDBOXING = YES;
				GCC_C_LANGUAGE_STANDARD = gnu17;
				GCC_NO_COMMON_BLOCKS = YES;
				GCC_WARN_64_TO_32_BIT_CONVERSION = YES;
				GCC_WARN_ABOUT_RETURN_TYPE = YES_ERROR;
				GCC_WARN_UNDECLARED_SELECTOR = YES;
				GCC_WARN_UNINITIALIZED_AUTOS = YES_AGGRESSIVE;
				GCC_WARN_UNUSED_FUNCTION = YES;
				GCC_WARN_UNUSED_VARIABLE = YES;
				IPHONEOS_DEPLOYMENT_TARGET = 17.5;
				LOCALIZATION_PREFERS_STRING_CATALOGS = YES;
				MTL_ENABLE_DEBUG_INFO = NO;
				MTL_FAST_MATH = YES;
				SDKROOT = iphoneos;
				SWIFT_COMPILATION_MODE = wholemodule;
				VALIDATE_PRODUCT = YES;
			};
			name = Release;
		};
		D53BFD5D2C866287005CC731 /* Debug */ = {
			isa = XCBuildConfiguration;
			buildSettings = {
				ASSETCATALOG_COMPILER_APPICON_NAME = AppIcon;
				ASSETCATALOG_COMPILER_GLOBAL_ACCENT_COLOR_NAME = AccentColor;
				CODE_SIGN_STYLE = Automatic;
				CURRENT_PROJECT_VERSION = 1;
				DEVELOPMENT_ASSET_PATHS = "\"OpenWorld/Preview Content\"";
				DEVELOPMENT_TEAM = DTJPXXBUDJ;
				ENABLE_PREVIEWS = YES;
				GENERATE_INFOPLIST_FILE = YES;
				INFOPLIST_FILE = OpenWorld/Info.plist;
				INFOPLIST_KEY_NSLocationWhenInUseUsageDescription = "User location setting";
				INFOPLIST_KEY_UIApplicationSceneManifest_Generation = YES;
				INFOPLIST_KEY_UIApplicationSupportsIndirectInputEvents = YES;
				INFOPLIST_KEY_UILaunchScreen_Generation = YES;
				INFOPLIST_KEY_UISupportedInterfaceOrientations_iPad = "UIInterfaceOrientationPortrait UIInterfaceOrientationPortraitUpsideDown UIInterfaceOrientationLandscapeLeft UIInterfaceOrientationLandscapeRight";
				INFOPLIST_KEY_UISupportedInterfaceOrientations_iPhone = "UIInterfaceOrientationPortrait UIInterfaceOrientationLandscapeLeft UIInterfaceOrientationLandscapeRight";
				LD_RUNPATH_SEARCH_PATHS = (
					"$(inherited)",
					"@executable_path/Frameworks",
				);
				MARKETING_VERSION = 1.0;
				PRODUCT_BUNDLE_IDENTIFIER = romashka.OpenWorld;
				PRODUCT_NAME = "$(TARGET_NAME)";
				SWIFT_EMIT_LOC_STRINGS = YES;
				SWIFT_VERSION = 5.0;
				TARGETED_DEVICE_FAMILY = "1,2";
			};
			name = Debug;
		};
		D53BFD5E2C866287005CC731 /* Release */ = {
			isa = XCBuildConfiguration;
			buildSettings = {
				ASSETCATALOG_COMPILER_APPICON_NAME = AppIcon;
				ASSETCATALOG_COMPILER_GLOBAL_ACCENT_COLOR_NAME = AccentColor;
				CODE_SIGN_STYLE = Automatic;
				CURRENT_PROJECT_VERSION = 1;
				DEVELOPMENT_ASSET_PATHS = "\"OpenWorld/Preview Content\"";
				DEVELOPMENT_TEAM = DTJPXXBUDJ;
				ENABLE_PREVIEWS = YES;
				GENERATE_INFOPLIST_FILE = YES;
				INFOPLIST_FILE = OpenWorld/Info.plist;
				INFOPLIST_KEY_NSLocationWhenInUseUsageDescription = "User location setting";
				INFOPLIST_KEY_UIApplicationSceneManifest_Generation = YES;
				INFOPLIST_KEY_UIApplicationSupportsIndirectInputEvents = YES;
				INFOPLIST_KEY_UILaunchScreen_Generation = YES;
				INFOPLIST_KEY_UISupportedInterfaceOrientations_iPad = "UIInterfaceOrientationPortrait UIInterfaceOrientationPortraitUpsideDown UIInterfaceOrientationLandscapeLeft UIInterfaceOrientationLandscapeRight";
				INFOPLIST_KEY_UISupportedInterfaceOrientations_iPhone = "UIInterfaceOrientationPortrait UIInterfaceOrientationLandscapeLeft UIInterfaceOrientationLandscapeRight";
				LD_RUNPATH_SEARCH_PATHS = (
					"$(inherited)",
					"@executable_path/Frameworks",
				);
				MARKETING_VERSION = 1.0;
				PRODUCT_BUNDLE_IDENTIFIER = romashka.OpenWorld;
				PRODUCT_NAME = "$(TARGET_NAME)";
				SWIFT_EMIT_LOC_STRINGS = YES;
				SWIFT_VERSION = 5.0;
				TARGETED_DEVICE_FAMILY = "1,2";
			};
			name = Release;
		};
/* End XCBuildConfiguration section */

/* Begin XCConfigurationList section */
		D53BFD492C866286005CC731 /* Build configuration list for PBXProject "OpenWorld" */ = {
			isa = XCConfigurationList;
			buildConfigurations = (
				D53BFD5A2C866287005CC731 /* Debug */,
				D53BFD5B2C866287005CC731 /* Release */,
			);
			defaultConfigurationIsVisible = 0;
			defaultConfigurationName = Release;
		};
		D53BFD5C2C866287005CC731 /* Build configuration list for PBXNativeTarget "OpenWorld" */ = {
			isa = XCConfigurationList;
			buildConfigurations = (
				D53BFD5D2C866287005CC731 /* Debug */,
				D53BFD5E2C866287005CC731 /* Release */,
			);
			defaultConfigurationIsVisible = 0;
			defaultConfigurationName = Release;
		};
/* End XCConfigurationList section */

/* Begin XCRemoteSwiftPackageReference section */
		4D440C232D22BB62008740AA /* XCRemoteSwiftPackageReference "JWTDecode" */ = {
			isa = XCRemoteSwiftPackageReference;
			repositoryURL = "https://github.com/auth0/JWTDecode.swift";
			requirement = {
				kind = upToNextMajorVersion;
				minimumVersion = 3.2.0;
			};
		};
/* End XCRemoteSwiftPackageReference section */

/* Begin XCSwiftPackageProductDependency section */
		4D440C242D22BB62008740AA /* JWTDecode */ = {
			isa = XCSwiftPackageProductDependency;
			package = 4D440C232D22BB62008740AA /* XCRemoteSwiftPackageReference "JWTDecode" */;
			productName = JWTDecode;
		};
/* End XCSwiftPackageProductDependency section */
	};
	rootObject = D53BFD462C866286005CC731 /* Project object */;
}
